// !$*UTF8*$!
{
	archiveVersion = 1;
	classes = {
	};
	objectVersion = 52;
	objects = {

/* Begin PBXBuildFile section */
		0D0184BE23C94F3A00AEF93D /* RestartButtonView.swift in Sources */ = {isa = PBXBuildFile; fileRef = 0D0184BD23C94F3A00AEF93D /* RestartButtonView.swift */; };
		0D0184C523CA822F00AEF93D /* celebrating-stars.json in Resources */ = {isa = PBXBuildFile; fileRef = 0D0184C423CA822E00AEF93D /* celebrating-stars.json */; };
		0D0184C723CA833600AEF93D /* success-sparkle-sound-effect.mp3 in Resources */ = {isa = PBXBuildFile; fileRef = 0D0184C623CA833600AEF93D /* success-sparkle-sound-effect.mp3 */; };
		0D0184C923CA979C00AEF93D /* trophy.json in Resources */ = {isa = PBXBuildFile; fileRef = 0D0184C823CA979C00AEF93D /* trophy.json */; };
		0D11F10823C5260900AC815B /* ParticlesEmitter.swift in Sources */ = {isa = PBXBuildFile; fileRef = 0D11F10723C5260900AC815B /* ParticlesEmitter.swift */; };
		0D727FC823A867B400AF61B3 /* CardsView.swift in Sources */ = {isa = PBXBuildFile; fileRef = 0D727FC723A867B400AF61B3 /* CardsView.swift */; };
		0D8B1A7223933E1200D71943 /* AppDelegate.swift in Sources */ = {isa = PBXBuildFile; fileRef = 0D8B1A7123933E1200D71943 /* AppDelegate.swift */; };
		0D8B1A7423933E1200D71943 /* SceneDelegate.swift in Sources */ = {isa = PBXBuildFile; fileRef = 0D8B1A7323933E1200D71943 /* SceneDelegate.swift */; };
		0D8B1A7623933E1200D71943 /* ContentView.swift in Sources */ = {isa = PBXBuildFile; fileRef = 0D8B1A7523933E1200D71943 /* ContentView.swift */; };
		0D8B1A7823933E1400D71943 /* Assets.xcassets in Resources */ = {isa = PBXBuildFile; fileRef = 0D8B1A7723933E1400D71943 /* Assets.xcassets */; };
		0D8B1A7B23933E1400D71943 /* Preview Assets.xcassets in Resources */ = {isa = PBXBuildFile; fileRef = 0D8B1A7A23933E1400D71943 /* Preview Assets.xcassets */; };
		0D8B1A7E23933E1400D71943 /* LaunchScreen.storyboard in Resources */ = {isa = PBXBuildFile; fileRef = 0D8B1A7C23933E1400D71943 /* LaunchScreen.storyboard */; };
		0D8B1A8B23933E9A00D71943 /* Card.swift in Sources */ = {isa = PBXBuildFile; fileRef = 0D8B1A8A23933E9A00D71943 /* Card.swift */; };
		0D8B1A8E23933ED900D71943 /* Alamofire in Frameworks */ = {isa = PBXBuildFile; productRef = 0D8B1A8D23933ED900D71943 /* Alamofire */; };
		0D8B1A9123933EF300D71943 /* SwiftyJSON in Frameworks */ = {isa = PBXBuildFile; productRef = 0D8B1A9023933EF300D71943 /* SwiftyJSON */; };
		0D8B1A9323933F1700D71943 /* UIImage+UIImageDownloader.swift in Sources */ = {isa = PBXBuildFile; fileRef = 0D8B1A9223933F1700D71943 /* UIImage+UIImageDownloader.swift */; };
		0D8B1A9523933F3B00D71943 /* Service.swift in Sources */ = {isa = PBXBuildFile; fileRef = 0D8B1A9423933F3B00D71943 /* Service.swift */; };
		0D8B1A9723933F6A00D71943 /* CardView.swift in Sources */ = {isa = PBXBuildFile; fileRef = 0D8B1A9623933F6A00D71943 /* CardView.swift */; };
		0D8B1A992393445900D71943 /* CardsViewModel.swift in Sources */ = {isa = PBXBuildFile; fileRef = 0D8B1A982393445900D71943 /* CardsViewModel.swift */; };
		0D8B1A9B23943FBA00D71943 /* Array+Chunks.swift in Sources */ = {isa = PBXBuildFile; fileRef = 0D8B1A9A23943FBA00D71943 /* Array+Chunks.swift */; };
		0DA7CF0423B1283E004E8E11 /* Player.swift in Sources */ = {isa = PBXBuildFile; fileRef = 0DA7CF0323B1283E004E8E11 /* Player.swift */; };
		0DA7CF0623B13860004E8E11 /* GameDetails.swift in Sources */ = {isa = PBXBuildFile; fileRef = 0DA7CF0523B13860004E8E11 /* GameDetails.swift */; };
		0DA7CF0823B2C690004E8E11 /* Game.swift in Sources */ = {isa = PBXBuildFile; fileRef = 0DA7CF0723B2C68F004E8E11 /* Game.swift */; };
		0DA7CF1023B44BD6004E8E11 /* MenuBar.swift in Sources */ = {isa = PBXBuildFile; fileRef = 0DA7CF0F23B44BD6004E8E11 /* MenuBar.swift */; };
		0DA7CF1423B53DE3004E8E11 /* PauseButtonView.swift in Sources */ = {isa = PBXBuildFile; fileRef = 0DA7CF1323B53DE3004E8E11 /* PauseButtonView.swift */; };
		0DA7CF1823B54105004E8E11 /* LargeButtonView.swift in Sources */ = {isa = PBXBuildFile; fileRef = 0DA7CF1723B54105004E8E11 /* LargeButtonView.swift */; };
		0DA9D40423B97C9E0058291B /* StopWatch.swift in Sources */ = {isa = PBXBuildFile; fileRef = 0DA9D40323B97C9E0058291B /* StopWatch.swift */; };
		0DA9D40A23BA9AB70058291B /* MusicButtonView.swift in Sources */ = {isa = PBXBuildFile; fileRef = 0DA9D40923BA9AB70058291B /* MusicButtonView.swift */; };
		0DA9D40C23BA9ACC0058291B /* SoundManager.swift in Sources */ = {isa = PBXBuildFile; fileRef = 0DA9D40B23BA9ACC0058291B /* SoundManager.swift */; };
		0DA9D41023BBF5290058291B /* MainMenu.swift in Sources */ = {isa = PBXBuildFile; fileRef = 0DA9D40F23BBF5290058291B /* MainMenu.swift */; };
		0DA9D41323BC0CAC0058291B /* SoundButtonView.swift in Sources */ = {isa = PBXBuildFile; fileRef = 0DA9D41223BC0CAC0058291B /* SoundButtonView.swift */; };
		0DB0C37323C52D92001D4DE6 /* ParrallaxFallingObjectsAnimation.swift in Sources */ = {isa = PBXBuildFile; fileRef = 0DB0C37223C52D92001D4DE6 /* ParrallaxFallingObjectsAnimation.swift */; };
		0DB3971A23C64F290081DB54 /* GameOverView.swift in Sources */ = {isa = PBXBuildFile; fileRef = 0DB3971923C64F290081DB54 /* GameOverView.swift */; };
		0DB3971D23C651DD0081DB54 /* Lottie in Frameworks */ = {isa = PBXBuildFile; productRef = 0DB3971C23C651DD0081DB54 /* Lottie */; };
		0DB3971F23C654860081DB54 /* LottieView.swift in Sources */ = {isa = PBXBuildFile; fileRef = 0DB3971E23C654860081DB54 /* LottieView.swift */; };
		0DE3860E23B6B5E0000FDD7B /* Enums.swift in Sources */ = {isa = PBXBuildFile; fileRef = 0DE3860D23B6B5E0000FDD7B /* Enums.swift */; };
		0DE3861323B94C7D000FDD7B /* PauseMenuView.swift in Sources */ = {isa = PBXBuildFile; fileRef = 0DE3861223B94C7D000FDD7B /* PauseMenuView.swift */; };
		0DE3861723B95607000FDD7B /* ScoreLabelView.swift in Sources */ = {isa = PBXBuildFile; fileRef = 0DE3861623B95607000FDD7B /* ScoreLabelView.swift */; };
		0DF808D623C285B6005FBD21 /* card-flip-sound-effect.mp3 in Resources */ = {isa = PBXBuildFile; fileRef = 0DF808D523C285B6005FBD21 /* card-flip-sound-effect.mp3 */; };
		0DFBC2C523BFF1AC006944B2 /* LogoView.swift in Sources */ = {isa = PBXBuildFile; fileRef = 0DFBC2C423BFF1AC006944B2 /* LogoView.swift */; };
		0DFBC2C723BFF674006944B2 /* SelectGameModeView.swift in Sources */ = {isa = PBXBuildFile; fileRef = 0DFBC2C623BFF674006944B2 /* SelectGameModeView.swift */; };
		0DFBC2C923BFFAAE006944B2 /* SelectDifficultyView.swift in Sources */ = {isa = PBXBuildFile; fileRef = 0DFBC2C823BFFAAE006944B2 /* SelectDifficultyView.swift */; };
/* End PBXBuildFile section */

/* Begin PBXFileReference section */
		0D0184BD23C94F3A00AEF93D /* RestartButtonView.swift */ = {isa = PBXFileReference; lastKnownFileType = sourcecode.swift; path = RestartButtonView.swift; sourceTree = "<group>"; };
		0D0184C423CA822E00AEF93D /* celebrating-stars.json */ = {isa = PBXFileReference; fileEncoding = 4; lastKnownFileType = text.json; path = "celebrating-stars.json"; sourceTree = "<group>"; };
		0D0184C623CA833600AEF93D /* success-sparkle-sound-effect.mp3 */ = {isa = PBXFileReference; lastKnownFileType = audio.mp3; path = "success-sparkle-sound-effect.mp3"; sourceTree = "<group>"; };
		0D0184C823CA979C00AEF93D /* trophy.json */ = {isa = PBXFileReference; fileEncoding = 4; lastKnownFileType = text.json; path = trophy.json; sourceTree = "<group>"; };
		0D11F10723C5260900AC815B /* ParticlesEmitter.swift */ = {isa = PBXFileReference; lastKnownFileType = sourcecode.swift; path = ParticlesEmitter.swift; sourceTree = "<group>"; };
		0D727FC723A867B400AF61B3 /* CardsView.swift */ = {isa = PBXFileReference; lastKnownFileType = sourcecode.swift; path = CardsView.swift; sourceTree = "<group>"; };
		0D8B1A6E23933E1200D71943 /* Shopify.app */ = {isa = PBXFileReference; explicitFileType = wrapper.application; includeInIndex = 0; path = Shopify.app; sourceTree = BUILT_PRODUCTS_DIR; };
		0D8B1A7123933E1200D71943 /* AppDelegate.swift */ = {isa = PBXFileReference; lastKnownFileType = sourcecode.swift; path = AppDelegate.swift; sourceTree = "<group>"; };
		0D8B1A7323933E1200D71943 /* SceneDelegate.swift */ = {isa = PBXFileReference; lastKnownFileType = sourcecode.swift; path = SceneDelegate.swift; sourceTree = "<group>"; };
		0D8B1A7523933E1200D71943 /* ContentView.swift */ = {isa = PBXFileReference; lastKnownFileType = sourcecode.swift; path = ContentView.swift; sourceTree = "<group>"; };
		0D8B1A7723933E1400D71943 /* Assets.xcassets */ = {isa = PBXFileReference; lastKnownFileType = folder.assetcatalog; path = Assets.xcassets; sourceTree = "<group>"; };
		0D8B1A7A23933E1400D71943 /* Preview Assets.xcassets */ = {isa = PBXFileReference; lastKnownFileType = folder.assetcatalog; path = "Preview Assets.xcassets"; sourceTree = "<group>"; };
		0D8B1A7D23933E1400D71943 /* Base */ = {isa = PBXFileReference; lastKnownFileType = file.storyboard; name = Base; path = Base.lproj/LaunchScreen.storyboard; sourceTree = "<group>"; };
		0D8B1A7F23933E1400D71943 /* Info.plist */ = {isa = PBXFileReference; lastKnownFileType = text.plist.xml; path = Info.plist; sourceTree = "<group>"; };
		0D8B1A8A23933E9A00D71943 /* Card.swift */ = {isa = PBXFileReference; lastKnownFileType = sourcecode.swift; path = Card.swift; sourceTree = "<group>"; };
		0D8B1A9223933F1700D71943 /* UIImage+UIImageDownloader.swift */ = {isa = PBXFileReference; lastKnownFileType = sourcecode.swift; path = "UIImage+UIImageDownloader.swift"; sourceTree = "<group>"; };
		0D8B1A9423933F3B00D71943 /* Service.swift */ = {isa = PBXFileReference; lastKnownFileType = sourcecode.swift; path = Service.swift; sourceTree = "<group>"; };
		0D8B1A9623933F6A00D71943 /* CardView.swift */ = {isa = PBXFileReference; lastKnownFileType = sourcecode.swift; path = CardView.swift; sourceTree = "<group>"; };
		0D8B1A982393445900D71943 /* CardsViewModel.swift */ = {isa = PBXFileReference; lastKnownFileType = sourcecode.swift; path = CardsViewModel.swift; sourceTree = "<group>"; };
		0D8B1A9A23943FBA00D71943 /* Array+Chunks.swift */ = {isa = PBXFileReference; lastKnownFileType = sourcecode.swift; path = "Array+Chunks.swift"; sourceTree = "<group>"; };
		0DA7CF0323B1283E004E8E11 /* Player.swift */ = {isa = PBXFileReference; lastKnownFileType = sourcecode.swift; path = Player.swift; sourceTree = "<group>"; };
		0DA7CF0523B13860004E8E11 /* GameDetails.swift */ = {isa = PBXFileReference; lastKnownFileType = sourcecode.swift; path = GameDetails.swift; sourceTree = "<group>"; };
		0DA7CF0723B2C68F004E8E11 /* Game.swift */ = {isa = PBXFileReference; lastKnownFileType = sourcecode.swift; path = Game.swift; sourceTree = "<group>"; };
		0DA7CF0F23B44BD6004E8E11 /* MenuBar.swift */ = {isa = PBXFileReference; lastKnownFileType = sourcecode.swift; path = MenuBar.swift; sourceTree = "<group>"; };
		0DA7CF1323B53DE3004E8E11 /* PauseButtonView.swift */ = {isa = PBXFileReference; lastKnownFileType = sourcecode.swift; path = PauseButtonView.swift; sourceTree = "<group>"; };
		0DA7CF1723B54105004E8E11 /* LargeButtonView.swift */ = {isa = PBXFileReference; lastKnownFileType = sourcecode.swift; path = LargeButtonView.swift; sourceTree = "<group>"; };
		0DA9D40323B97C9E0058291B /* StopWatch.swift */ = {isa = PBXFileReference; fileEncoding = 4; lastKnownFileType = sourcecode.swift; path = StopWatch.swift; sourceTree = "<group>"; };
		0DA9D40923BA9AB70058291B /* MusicButtonView.swift */ = {isa = PBXFileReference; lastKnownFileType = sourcecode.swift; path = MusicButtonView.swift; sourceTree = "<group>"; };
		0DA9D40B23BA9ACC0058291B /* SoundManager.swift */ = {isa = PBXFileReference; lastKnownFileType = sourcecode.swift; path = SoundManager.swift; sourceTree = "<group>"; };
		0DA9D40F23BBF5290058291B /* MainMenu.swift */ = {isa = PBXFileReference; lastKnownFileType = sourcecode.swift; path = MainMenu.swift; sourceTree = "<group>"; };
		0DA9D41223BC0CAC0058291B /* SoundButtonView.swift */ = {isa = PBXFileReference; lastKnownFileType = sourcecode.swift; path = SoundButtonView.swift; sourceTree = "<group>"; };
		0DB0C37223C52D92001D4DE6 /* ParrallaxFallingObjectsAnimation.swift */ = {isa = PBXFileReference; lastKnownFileType = sourcecode.swift; path = ParrallaxFallingObjectsAnimation.swift; sourceTree = "<group>"; };
		0DB3971923C64F290081DB54 /* GameOverView.swift */ = {isa = PBXFileReference; lastKnownFileType = sourcecode.swift; path = GameOverView.swift; sourceTree = "<group>"; };
		0DB3971E23C654860081DB54 /* LottieView.swift */ = {isa = PBXFileReference; lastKnownFileType = sourcecode.swift; path = LottieView.swift; sourceTree = "<group>"; };
		0DE3860D23B6B5E0000FDD7B /* Enums.swift */ = {isa = PBXFileReference; lastKnownFileType = sourcecode.swift; path = Enums.swift; sourceTree = "<group>"; };
		0DE3861223B94C7D000FDD7B /* PauseMenuView.swift */ = {isa = PBXFileReference; lastKnownFileType = sourcecode.swift; path = PauseMenuView.swift; sourceTree = "<group>"; };
		0DE3861623B95607000FDD7B /* ScoreLabelView.swift */ = {isa = PBXFileReference; fileEncoding = 4; lastKnownFileType = sourcecode.swift; path = ScoreLabelView.swift; sourceTree = "<group>"; };
		0DF808D523C285B6005FBD21 /* card-flip-sound-effect.mp3 */ = {isa = PBXFileReference; lastKnownFileType = audio.mp3; path = "card-flip-sound-effect.mp3"; sourceTree = "<group>"; };
		0DFBC2C423BFF1AC006944B2 /* LogoView.swift */ = {isa = PBXFileReference; lastKnownFileType = sourcecode.swift; path = LogoView.swift; sourceTree = "<group>"; };
		0DFBC2C623BFF674006944B2 /* SelectGameModeView.swift */ = {isa = PBXFileReference; lastKnownFileType = sourcecode.swift; path = SelectGameModeView.swift; sourceTree = "<group>"; };
		0DFBC2C823BFFAAE006944B2 /* SelectDifficultyView.swift */ = {isa = PBXFileReference; lastKnownFileType = sourcecode.swift; path = SelectDifficultyView.swift; sourceTree = "<group>"; };
/* End PBXFileReference section */

/* Begin PBXFrameworksBuildPhase section */
		0D8B1A6B23933E1200D71943 /* Frameworks */ = {
			isa = PBXFrameworksBuildPhase;
			buildActionMask = 2147483647;
			files = (
				0D8B1A9123933EF300D71943 /* SwiftyJSON in Frameworks */,
				0D8B1A8E23933ED900D71943 /* Alamofire in Frameworks */,
				0DB3971D23C651DD0081DB54 /* Lottie in Frameworks */,
			);
			runOnlyForDeploymentPostprocessing = 0;
		};
/* End PBXFrameworksBuildPhase section */

/* Begin PBXGroup section */
		0D0184C123CA78C000AEF93D /* Buttons */ = {
			isa = PBXGroup;
			children = (
				0DA7CF1723B54105004E8E11 /* LargeButtonView.swift */,
				0DA9D40923BA9AB70058291B /* MusicButtonView.swift */,
				0DA9D41223BC0CAC0058291B /* SoundButtonView.swift */,
				0DA7CF1323B53DE3004E8E11 /* PauseButtonView.swift */,
				0D0184BD23C94F3A00AEF93D /* RestartButtonView.swift */,
				0DE3861623B95607000FDD7B /* ScoreLabelView.swift */,
			);
			path = Buttons;
			sourceTree = "<group>";
		};
		0D3E918C23CBD6C40094DCD8 /* InGame */ = {
			isa = PBXGroup;
			children = (
				0DA7CF0F23B44BD6004E8E11 /* MenuBar.swift */,
				0D727FC723A867B400AF61B3 /* CardsView.swift */,
				0DE3861223B94C7D000FDD7B /* PauseMenuView.swift */,
			);
			path = InGame;
			sourceTree = "<group>";
		};
		0D3E918D23CBD70A0094DCD8 /* Art and Animations */ = {
			isa = PBXGroup;
			children = (
				0DB0C37223C52D92001D4DE6 /* ParrallaxFallingObjectsAnimation.swift */,
				0DB3971E23C654860081DB54 /* LottieView.swift */,
				0DFBC2C423BFF1AC006944B2 /* LogoView.swift */,
			);
			path = "Art and Animations";
			sourceTree = "<group>";
		};
		0D3E918E23CBD73B0094DCD8 /* Game Over */ = {
			isa = PBXGroup;
			children = (
				0DB3971923C64F290081DB54 /* GameOverView.swift */,
			);
			path = "Game Over";
			sourceTree = "<group>";
		};
		0D3E918F23CBD85D0094DCD8 /* Lottie-Animations */ = {
			isa = PBXGroup;
			children = (
				0D0184C423CA822E00AEF93D /* celebrating-stars.json */,
				0D0184C823CA979C00AEF93D /* trophy.json */,
			);
			path = "Lottie-Animations";
			sourceTree = "<group>";
		};
		0D8B1A6523933E1200D71943 = {
			isa = PBXGroup;
			children = (
				0D8B1A7023933E1200D71943 /* Shopify */,
				0D8B1A6F23933E1200D71943 /* Products */,
			);
			sourceTree = "<group>";
		};
		0D8B1A6F23933E1200D71943 /* Products */ = {
			isa = PBXGroup;
			children = (
				0D8B1A6E23933E1200D71943 /* Shopify.app */,
			);
			name = Products;
			sourceTree = "<group>";
		};
		0D8B1A7023933E1200D71943 /* Shopify */ = {
			isa = PBXGroup;
			children = (
				0DF808D423C285A9005FBD21 /* Audio */,
				0D3E918F23CBD85D0094DCD8 /* Lottie-Animations */,
				0DB3972223C811FF0081DB54 /* Packages */,
				0D8B1A8823933E6D00D71943 /* Models */,
				0D8B1A8723933E6B00D71943 /* Views */,
				0D8B1A8923933E8100D71943 /* ViewModels */,
				0D8B1A8523933E6800D71943 /* Service */,
				0D8B1A8623933E6A00D71943 /* Extensions */,
				0D8B1A7123933E1200D71943 /* AppDelegate.swift */,
				0D8B1A7323933E1200D71943 /* SceneDelegate.swift */,
				0D8B1A7523933E1200D71943 /* ContentView.swift */,
				0D8B1A7723933E1400D71943 /* Assets.xcassets */,
				0D8B1A7C23933E1400D71943 /* LaunchScreen.storyboard */,
				0D8B1A7F23933E1400D71943 /* Info.plist */,
				0D8B1A7923933E1400D71943 /* Preview Content */,
			);
			path = Shopify;
			sourceTree = "<group>";
		};
		0D8B1A7923933E1400D71943 /* Preview Content */ = {
			isa = PBXGroup;
			children = (
				0D8B1A7A23933E1400D71943 /* Preview Assets.xcassets */,
			);
			path = "Preview Content";
			sourceTree = "<group>";
		};
		0D8B1A8523933E6800D71943 /* Service */ = {
			isa = PBXGroup;
			children = (
				0D8B1A9423933F3B00D71943 /* Service.swift */,
			);
			path = Service;
			sourceTree = "<group>";
		};
		0D8B1A8623933E6A00D71943 /* Extensions */ = {
			isa = PBXGroup;
			children = (
				0D8B1A9223933F1700D71943 /* UIImage+UIImageDownloader.swift */,
				0D8B1A9A23943FBA00D71943 /* Array+Chunks.swift */,
			);
			path = Extensions;
			sourceTree = "<group>";
		};
		0D8B1A8723933E6B00D71943 /* Views */ = {
			isa = PBXGroup;
			children = (
				0DF808D323C1712E005FBD21 /* Reusable Views */,
				0DF808D023C16FCA005FBD21 /* Onboarding */,
				0D3E918C23CBD6C40094DCD8 /* InGame */,
				0D3E918E23CBD73B0094DCD8 /* Game Over */,
			);
			path = Views;
			sourceTree = "<group>";
		};
		0D8B1A8823933E6D00D71943 /* Models */ = {
			isa = PBXGroup;
			children = (
				0DA9D40B23BA9ACC0058291B /* SoundManager.swift */,
				0D8B1A8A23933E9A00D71943 /* Card.swift */,
				0DA7CF0323B1283E004E8E11 /* Player.swift */,
				0DA7CF0523B13860004E8E11 /* GameDetails.swift */,
				0DA7CF0723B2C68F004E8E11 /* Game.swift */,
				0DE3860D23B6B5E0000FDD7B /* Enums.swift */,
			);
			path = Models;
			sourceTree = "<group>";
		};
		0D8B1A8923933E8100D71943 /* ViewModels */ = {
			isa = PBXGroup;
			children = (
				0D8B1A982393445900D71943 /* CardsViewModel.swift */,
			);
			path = ViewModels;
			sourceTree = "<group>";
		};
		0DB3972223C811FF0081DB54 /* Packages */ = {
			isa = PBXGroup;
			children = (
				0DA9D40323B97C9E0058291B /* StopWatch.swift */,
				0D11F10723C5260900AC815B /* ParticlesEmitter.swift */,
			);
			path = Packages;
			sourceTree = "<group>";
		};
		0DF808D023C16FCA005FBD21 /* Onboarding */ = {
			isa = PBXGroup;
			children = (
				0DA9D40F23BBF5290058291B /* MainMenu.swift */,
				0DFBC2C623BFF674006944B2 /* SelectGameModeView.swift */,
				0DFBC2C823BFFAAE006944B2 /* SelectDifficultyView.swift */,
			);
			path = Onboarding;
			sourceTree = "<group>";
		};
		0DF808D323C1712E005FBD21 /* Reusable Views */ = {
			isa = PBXGroup;
			children = (
				0D0184C123CA78C000AEF93D /* Buttons */,
				0D3E918D23CBD70A0094DCD8 /* Art and Animations */,
				0D8B1A9623933F6A00D71943 /* CardView.swift */,
			);
			path = "Reusable Views";
			sourceTree = "<group>";
		};
		0DF808D423C285A9005FBD21 /* Audio */ = {
			isa = PBXGroup;
			children = (
				0D0184C623CA833600AEF93D /* success-sparkle-sound-effect.mp3 */,
				0DF808D523C285B6005FBD21 /* card-flip-sound-effect.mp3 */,
			);
			path = Audio;
			sourceTree = "<group>";
		};
/* End PBXGroup section */

/* Begin PBXNativeTarget section */
		0D8B1A6D23933E1200D71943 /* Shopify */ = {
			isa = PBXNativeTarget;
			buildConfigurationList = 0D8B1A8223933E1400D71943 /* Build configuration list for PBXNativeTarget "Shopify" */;
			buildPhases = (
				0D8B1A6A23933E1200D71943 /* Sources */,
				0D8B1A6B23933E1200D71943 /* Frameworks */,
				0D8B1A6C23933E1200D71943 /* Resources */,
			);
			buildRules = (
			);
			dependencies = (
			);
			name = Shopify;
			packageProductDependencies = (
				0D8B1A8D23933ED900D71943 /* Alamofire */,
				0D8B1A9023933EF300D71943 /* SwiftyJSON */,
				0DB3971C23C651DD0081DB54 /* Lottie */,
			);
			productName = Shopify;
			productReference = 0D8B1A6E23933E1200D71943 /* Shopify.app */;
			productType = "com.apple.product-type.application";
		};
/* End PBXNativeTarget section */

/* Begin PBXProject section */
		0D8B1A6623933E1200D71943 /* Project object */ = {
			isa = PBXProject;
			attributes = {
				LastSwiftUpdateCheck = 1100;
				LastUpgradeCheck = 1100;
				ORGANIZATIONNAME = "Subhan Chaudhry";
				TargetAttributes = {
					0D8B1A6D23933E1200D71943 = {
						CreatedOnToolsVersion = 11.0;
					};
				};
			};
			buildConfigurationList = 0D8B1A6923933E1200D71943 /* Build configuration list for PBXProject "Shopify" */;
			compatibilityVersion = "Xcode 9.3";
			developmentRegion = en;
			hasScannedForEncodings = 0;
			knownRegions = (
				en,
				Base,
			);
			mainGroup = 0D8B1A6523933E1200D71943;
			packageReferences = (
				0D8B1A8C23933ED900D71943 /* XCRemoteSwiftPackageReference "Alamofire" */,
				0D8B1A8F23933EF300D71943 /* XCRemoteSwiftPackageReference "SwiftyJSON" */,
				0DB3971B23C651DD0081DB54 /* XCRemoteSwiftPackageReference "lottie-ios" */,
			);
			productRefGroup = 0D8B1A6F23933E1200D71943 /* Products */;
			projectDirPath = "";
			projectRoot = "";
			targets = (
				0D8B1A6D23933E1200D71943 /* Shopify */,
			);
		};
/* End PBXProject section */

/* Begin PBXResourcesBuildPhase section */
		0D8B1A6C23933E1200D71943 /* Resources */ = {
			isa = PBXResourcesBuildPhase;
			buildActionMask = 2147483647;
			files = (
				0D0184C523CA822F00AEF93D /* celebrating-stars.json in Resources */,
				0D8B1A7E23933E1400D71943 /* LaunchScreen.storyboard in Resources */,
				0D8B1A7B23933E1400D71943 /* Preview Assets.xcassets in Resources */,
				0DF808D623C285B6005FBD21 /* card-flip-sound-effect.mp3 in Resources */,
				0D0184C723CA833600AEF93D /* success-sparkle-sound-effect.mp3 in Resources */,
				0D0184C923CA979C00AEF93D /* trophy.json in Resources */,
				0D8B1A7823933E1400D71943 /* Assets.xcassets in Resources */,
			);
			runOnlyForDeploymentPostprocessing = 0;
		};
/* End PBXResourcesBuildPhase section */

/* Begin PBXSourcesBuildPhase section */
		0D8B1A6A23933E1200D71943 /* Sources */ = {
			isa = PBXSourcesBuildPhase;
			buildActionMask = 2147483647;
			files = (
				0D8B1A992393445900D71943 /* CardsViewModel.swift in Sources */,
				0D8B1A9723933F6A00D71943 /* CardView.swift in Sources */,
				0D11F10823C5260900AC815B /* ParticlesEmitter.swift in Sources */,
				0D8B1A9323933F1700D71943 /* UIImage+UIImageDownloader.swift in Sources */,
				0DB0C37323C52D92001D4DE6 /* ParrallaxFallingObjectsAnimation.swift in Sources */,
				0DA7CF0423B1283E004E8E11 /* Player.swift in Sources */,
				0DA7CF0623B13860004E8E11 /* GameDetails.swift in Sources */,
				0DFBC2C923BFFAAE006944B2 /* SelectDifficultyView.swift in Sources */,
				0DA7CF1823B54105004E8E11 /* LargeButtonView.swift in Sources */,
				0D8B1A7223933E1200D71943 /* AppDelegate.swift in Sources */,
				0D8B1A9B23943FBA00D71943 /* Array+Chunks.swift in Sources */,
				0D8B1A7423933E1200D71943 /* SceneDelegate.swift in Sources */,
				0DA9D40423B97C9E0058291B /* StopWatch.swift in Sources */,
				0DA7CF0823B2C690004E8E11 /* Game.swift in Sources */,
				0DE3861723B95607000FDD7B /* ScoreLabelView.swift in Sources */,
				0DA9D40C23BA9ACC0058291B /* SoundManager.swift in Sources */,
				0DA9D41023BBF5290058291B /* MainMenu.swift in Sources */,
				0DA7CF1023B44BD6004E8E11 /* MenuBar.swift in Sources */,
				0DB3971F23C654860081DB54 /* LottieView.swift in Sources */,
				0DFBC2C523BFF1AC006944B2 /* LogoView.swift in Sources */,
				0D727FC823A867B400AF61B3 /* CardsView.swift in Sources */,
				0D8B1A7623933E1200D71943 /* ContentView.swift in Sources */,
				0DA9D40A23BA9AB70058291B /* MusicButtonView.swift in Sources */,
				0D8B1A8B23933E9A00D71943 /* Card.swift in Sources */,
				0D8B1A9523933F3B00D71943 /* Service.swift in Sources */,
				0DE3861323B94C7D000FDD7B /* PauseMenuView.swift in Sources */,
				0DA7CF1423B53DE3004E8E11 /* PauseButtonView.swift in Sources */,
				0D0184BE23C94F3A00AEF93D /* RestartButtonView.swift in Sources */,
				0DFBC2C723BFF674006944B2 /* SelectGameModeView.swift in Sources */,
				0DA9D41323BC0CAC0058291B /* SoundButtonView.swift in Sources */,
				0DB3971A23C64F290081DB54 /* GameOverView.swift in Sources */,
				0DE3860E23B6B5E0000FDD7B /* Enums.swift in Sources */,
			);
			runOnlyForDeploymentPostprocessing = 0;
		};
/* End PBXSourcesBuildPhase section */

/* Begin PBXVariantGroup section */
		0D8B1A7C23933E1400D71943 /* LaunchScreen.storyboard */ = {
			isa = PBXVariantGroup;
			children = (
				0D8B1A7D23933E1400D71943 /* Base */,
			);
			name = LaunchScreen.storyboard;
			sourceTree = "<group>";
		};
/* End PBXVariantGroup section */

/* Begin XCBuildConfiguration section */
		0D8B1A8023933E1400D71943 /* Debug */ = {
			isa = XCBuildConfiguration;
			buildSettings = {
				ALWAYS_SEARCH_USER_PATHS = NO;
				CLANG_ANALYZER_NONNULL = YES;
				CLANG_ANALYZER_NUMBER_OBJECT_CONVERSION = YES_AGGRESSIVE;
				CLANG_CXX_LANGUAGE_STANDARD = "gnu++14";
				CLANG_CXX_LIBRARY = "libc++";
				CLANG_ENABLE_MODULES = YES;
				CLANG_ENABLE_OBJC_ARC = YES;
				CLANG_ENABLE_OBJC_WEAK = YES;
				CLANG_WARN_BLOCK_CAPTURE_AUTORELEASING = YES;
				CLANG_WARN_BOOL_CONVERSION = YES;
				CLANG_WARN_COMMA = YES;
				CLANG_WARN_CONSTANT_CONVERSION = YES;
				CLANG_WARN_DEPRECATED_OBJC_IMPLEMENTATIONS = YES;
				CLANG_WARN_DIRECT_OBJC_ISA_USAGE = YES_ERROR;
				CLANG_WARN_DOCUMENTATION_COMMENTS = YES;
				CLANG_WARN_EMPTY_BODY = YES;
				CLANG_WARN_ENUM_CONVERSION = YES;
				CLANG_WARN_INFINITE_RECURSION = YES;
				CLANG_WARN_INT_CONVERSION = YES;
				CLANG_WARN_NON_LITERAL_NULL_CONVERSION = YES;
				CLANG_WARN_OBJC_IMPLICIT_RETAIN_SELF = YES;
				CLANG_WARN_OBJC_LITERAL_CONVERSION = YES;
				CLANG_WARN_OBJC_ROOT_CLASS = YES_ERROR;
				CLANG_WARN_RANGE_LOOP_ANALYSIS = YES;
				CLANG_WARN_STRICT_PROTOTYPES = YES;
				CLANG_WARN_SUSPICIOUS_MOVE = YES;
				CLANG_WARN_UNGUARDED_AVAILABILITY = YES_AGGRESSIVE;
				CLANG_WARN_UNREACHABLE_CODE = YES;
				CLANG_WARN__DUPLICATE_METHOD_MATCH = YES;
				COPY_PHASE_STRIP = NO;
				DEBUG_INFORMATION_FORMAT = dwarf;
				ENABLE_STRICT_OBJC_MSGSEND = YES;
				ENABLE_TESTABILITY = YES;
				GCC_C_LANGUAGE_STANDARD = gnu11;
				GCC_DYNAMIC_NO_PIC = NO;
				GCC_NO_COMMON_BLOCKS = YES;
				GCC_OPTIMIZATION_LEVEL = 0;
				GCC_PREPROCESSOR_DEFINITIONS = (
					"DEBUG=1",
					"$(inherited)",
				);
				GCC_WARN_64_TO_32_BIT_CONVERSION = YES;
				GCC_WARN_ABOUT_RETURN_TYPE = YES_ERROR;
				GCC_WARN_UNDECLARED_SELECTOR = YES;
				GCC_WARN_UNINITIALIZED_AUTOS = YES_AGGRESSIVE;
				GCC_WARN_UNUSED_FUNCTION = YES;
				GCC_WARN_UNUSED_VARIABLE = YES;
				IPHONEOS_DEPLOYMENT_TARGET = 13.0;
				MTL_ENABLE_DEBUG_INFO = INCLUDE_SOURCE;
				MTL_FAST_MATH = YES;
				ONLY_ACTIVE_ARCH = YES;
				SDKROOT = iphoneos;
				SWIFT_ACTIVE_COMPILATION_CONDITIONS = DEBUG;
				SWIFT_OPTIMIZATION_LEVEL = "-Onone";
			};
			name = Debug;
		};
		0D8B1A8123933E1400D71943 /* Release */ = {
			isa = XCBuildConfiguration;
			buildSettings = {
				ALWAYS_SEARCH_USER_PATHS = NO;
				CLANG_ANALYZER_NONNULL = YES;
				CLANG_ANALYZER_NUMBER_OBJECT_CONVERSION = YES_AGGRESSIVE;
				CLANG_CXX_LANGUAGE_STANDARD = "gnu++14";
				CLANG_CXX_LIBRARY = "libc++";
				CLANG_ENABLE_MODULES = YES;
				CLANG_ENABLE_OBJC_ARC = YES;
				CLANG_ENABLE_OBJC_WEAK = YES;
				CLANG_WARN_BLOCK_CAPTURE_AUTORELEASING = YES;
				CLANG_WARN_BOOL_CONVERSION = YES;
				CLANG_WARN_COMMA = YES;
				CLANG_WARN_CONSTANT_CONVERSION = YES;
				CLANG_WARN_DEPRECATED_OBJC_IMPLEMENTATIONS = YES;
				CLANG_WARN_DIRECT_OBJC_ISA_USAGE = YES_ERROR;
				CLANG_WARN_DOCUMENTATION_COMMENTS = YES;
				CLANG_WARN_EMPTY_BODY = YES;
				CLANG_WARN_ENUM_CONVERSION = YES;
				CLANG_WARN_INFINITE_RECURSION = YES;
				CLANG_WARN_INT_CONVERSION = YES;
				CLANG_WARN_NON_LITERAL_NULL_CONVERSION = YES;
				CLANG_WARN_OBJC_IMPLICIT_RETAIN_SELF = YES;
				CLANG_WARN_OBJC_LITERAL_CONVERSION = YES;
				CLANG_WARN_OBJC_ROOT_CLASS = YES_ERROR;
				CLANG_WARN_RANGE_LOOP_ANALYSIS = YES;
				CLANG_WARN_STRICT_PROTOTYPES = YES;
				CLANG_WARN_SUSPICIOUS_MOVE = YES;
				CLANG_WARN_UNGUARDED_AVAILABILITY = YES_AGGRESSIVE;
				CLANG_WARN_UNREACHABLE_CODE = YES;
				CLANG_WARN__DUPLICATE_METHOD_MATCH = YES;
				COPY_PHASE_STRIP = NO;
				DEBUG_INFORMATION_FORMAT = "dwarf-with-dsym";
				ENABLE_NS_ASSERTIONS = NO;
				ENABLE_STRICT_OBJC_MSGSEND = YES;
				GCC_C_LANGUAGE_STANDARD = gnu11;
				GCC_NO_COMMON_BLOCKS = YES;
				GCC_WARN_64_TO_32_BIT_CONVERSION = YES;
				GCC_WARN_ABOUT_RETURN_TYPE = YES_ERROR;
				GCC_WARN_UNDECLARED_SELECTOR = YES;
				GCC_WARN_UNINITIALIZED_AUTOS = YES_AGGRESSIVE;
				GCC_WARN_UNUSED_FUNCTION = YES;
				GCC_WARN_UNUSED_VARIABLE = YES;
				IPHONEOS_DEPLOYMENT_TARGET = 13.0;
				MTL_ENABLE_DEBUG_INFO = NO;
				MTL_FAST_MATH = YES;
				SDKROOT = iphoneos;
				SWIFT_COMPILATION_MODE = wholemodule;
				SWIFT_OPTIMIZATION_LEVEL = "-O";
				VALIDATE_PRODUCT = YES;
			};
			name = Release;
		};
		0D8B1A8323933E1400D71943 /* Debug */ = {
			isa = XCBuildConfiguration;
			buildSettings = {
				ASSETCATALOG_COMPILER_APPICON_NAME = AppIcon;
				CODE_SIGN_STYLE = Automatic;
				DEVELOPMENT_ASSET_PATHS = "\"Shopify/Preview Content\"";
				DEVELOPMENT_TEAM = SLTGPT2738;
				ENABLE_PREVIEWS = YES;
				INFOPLIST_FILE = Shopify/Info.plist;
				LD_RUNPATH_SEARCH_PATHS = (
					"$(inherited)",
					"@executable_path/Frameworks",
				);
				PRODUCT_BUNDLE_IDENTIFIER = com.Subhan.Shopify;
				PRODUCT_NAME = "$(TARGET_NAME)";
				SWIFT_VERSION = 5.0;
				TARGETED_DEVICE_FAMILY = "1,2";
			};
			name = Debug;
		};
		0D8B1A8423933E1400D71943 /* Release */ = {
			isa = XCBuildConfiguration;
			buildSettings = {
				ASSETCATALOG_COMPILER_APPICON_NAME = AppIcon;
				CODE_SIGN_STYLE = Automatic;
				DEVELOPMENT_ASSET_PATHS = "\"Shopify/Preview Content\"";
				DEVELOPMENT_TEAM = SLTGPT2738;
				ENABLE_PREVIEWS = YES;
				INFOPLIST_FILE = Shopify/Info.plist;
				LD_RUNPATH_SEARCH_PATHS = (
					"$(inherited)",
					"@executable_path/Frameworks",
				);
				PRODUCT_BUNDLE_IDENTIFIER = com.Subhan.Shopify;
				PRODUCT_NAME = "$(TARGET_NAME)";
				SWIFT_VERSION = 5.0;
				TARGETED_DEVICE_FAMILY = "1,2";
			};
			name = Release;
		};
/* End XCBuildConfiguration section */

/* Begin XCConfigurationList section */
		0D8B1A6923933E1200D71943 /* Build configuration list for PBXProject "Shopify" */ = {
			isa = XCConfigurationList;
			buildConfigurations = (
				0D8B1A8023933E1400D71943 /* Debug */,
				0D8B1A8123933E1400D71943 /* Release */,
			);
			defaultConfigurationIsVisible = 0;
			defaultConfigurationName = Release;
		};
		0D8B1A8223933E1400D71943 /* Build configuration list for PBXNativeTarget "Shopify" */ = {
			isa = XCConfigurationList;
			buildConfigurations = (
				0D8B1A8323933E1400D71943 /* Debug */,
				0D8B1A8423933E1400D71943 /* Release */,
			);
			defaultConfigurationIsVisible = 0;
			defaultConfigurationName = Release;
		};
/* End XCConfigurationList section */

/* Begin XCRemoteSwiftPackageReference section */
		0D8B1A8C23933ED900D71943 /* XCRemoteSwiftPackageReference "Alamofire" */ = {
			isa = XCRemoteSwiftPackageReference;
			repositoryURL = "https://github.com/Alamofire/Alamofire.git";
			requirement = {
				kind = upToNextMajorVersion;
				minimumVersion = 4.9.1;
			};
		};
		0D8B1A8F23933EF300D71943 /* XCRemoteSwiftPackageReference "SwiftyJSON" */ = {
			isa = XCRemoteSwiftPackageReference;
			repositoryURL = "https://github.com/SwiftyJSON/SwiftyJSON.git";
			requirement = {
				kind = upToNextMajorVersion;
				minimumVersion = 5.0.0;
			};
		};
		0DB3971B23C651DD0081DB54 /* XCRemoteSwiftPackageReference "lottie-ios" */ = {
			isa = XCRemoteSwiftPackageReference;
			repositoryURL = "https://github.com/airbnb/lottie-ios.git";
			requirement = {
				kind = upToNextMajorVersion;
				minimumVersion = 3.1.5;
			};
		};
/* End XCRemoteSwiftPackageReference section */

/* Begin XCSwiftPackageProductDependency section */
		0D8B1A8D23933ED900D71943 /* Alamofire */ = {
			isa = XCSwiftPackageProductDependency;
			package = 0D8B1A8C23933ED900D71943 /* XCRemoteSwiftPackageReference "Alamofire" */;
			productName = Alamofire;
		};
		0D8B1A9023933EF300D71943 /* SwiftyJSON */ = {
			isa = XCSwiftPackageProductDependency;
			package = 0D8B1A8F23933EF300D71943 /* XCRemoteSwiftPackageReference "SwiftyJSON" */;
			productName = SwiftyJSON;
		};
		0DB3971C23C651DD0081DB54 /* Lottie */ = {
			isa = XCSwiftPackageProductDependency;
			package = 0DB3971B23C651DD0081DB54 /* XCRemoteSwiftPackageReference "lottie-ios" */;
			productName = Lottie;
		};
/* End XCSwiftPackageProductDependency section */
	};
	rootObject = 0D8B1A6623933E1200D71943 /* Project object */;
}
